PODS:
  - Firebase/Auth (7.6.0):
    - Firebase/CoreOnly
    - FirebaseAuth (~> 7.6.0)
  - Firebase/CoreOnly (7.6.0):
    - FirebaseCore (= 7.6.0)
  - Firebase/Messaging (7.6.0):
    - Firebase/CoreOnly
    - FirebaseMessaging (~> 7.6.0)
  - FirebaseAuth (7.6.0):
    - FirebaseCore (~> 7.0)
    - GoogleUtilities/AppDelegateSwizzler (~> 7.0)
    - GoogleUtilities/Environment (~> 7.0)
    - GTMSessionFetcher/Core (~> 1.4)
  - FirebaseCore (7.6.0):
    - FirebaseCoreDiagnostics (~> 7.4)
    - GoogleUtilities/Environment (~> 7.0)
    - GoogleUtilities/Logger (~> 7.0)
  - FirebaseCoreDiagnostics (7.6.0):
    - GoogleDataTransport (~> 8.0)
    - GoogleUtilities/Environment (~> 7.0)
    - GoogleUtilities/Logger (~> 7.0)
    - nanopb (~> 2.30907.0)
  - FirebaseInstallations (7.6.0):
    - FirebaseCore (~> 7.0)
    - GoogleUtilities/Environment (~> 7.0)
    - GoogleUtilities/UserDefaults (~> 7.0)
    - PromisesObjC (~> 1.2)
  - FirebaseInstanceID (7.6.0):
    - FirebaseCore (~> 7.0)
    - FirebaseInstallations (~> 7.0)
    - GoogleUtilities/Environment (~> 7.0)
    - GoogleUtilities/UserDefaults (~> 7.0)
  - FirebaseMessaging (7.6.0):
    - FirebaseCore (~> 7.0)
    - FirebaseInstanceID (~> 7.0)
    - GoogleUtilities/AppDelegateSwizzler (~> 7.0)
    - GoogleUtilities/Environment (~> 7.0)
    - GoogleUtilities/Reachability (~> 7.0)
    - GoogleUtilities/UserDefaults (~> 7.0)
  - GoogleDataTransport (8.2.0):
    - nanopb (~> 2.30907.0)
  - GoogleUtilities/AppDelegateSwizzler (7.2.2):
    - GoogleUtilities/Environment
    - GoogleUtilities/Logger
    - GoogleUtilities/Network
  - GoogleUtilities/Environment (7.2.2):
    - PromisesObjC (~> 1.2)
  - GoogleUtilities/Logger (7.2.2):
    - GoogleUtilities/Environment
  - GoogleUtilities/Network (7.2.2):
    - GoogleUtilities/Logger
    - "GoogleUtilities/NSData+zlib"
    - GoogleUtilities/Reachability
  - "GoogleUtilities/NSData+zlib (7.2.2)"
  - GoogleUtilities/Reachability (7.2.2):
    - GoogleUtilities/Logger
  - GoogleUtilities/UserDefaults (7.2.2):
    - GoogleUtilities/Logger
  - GTMSessionFetcher/Core (1.5.0)
  - Kingfisher/Core (5.15.8)
  - Kingfisher/SwiftUI (5.15.8):
    - Kingfisher/Core
  - nanopb (2.30907.0):
    - nanopb/decode (= 2.30907.0)
    - nanopb/encode (= 2.30907.0)
  - nanopb/decode (2.30907.0)
  - nanopb/encode (2.30907.0)
  - PromisesObjC (1.2.12)

DEPENDENCIES:
  - Firebase/Auth
  - Firebase/Messaging
  - Kingfisher/SwiftUI

SPEC REPOS:
  trunk:
    - Firebase
    - FirebaseAuth
    - FirebaseCore
    - FirebaseCoreDiagnostics
    - FirebaseInstallations
    - FirebaseInstanceID
    - FirebaseMessaging
    - GoogleDataTransport
    - GoogleUtilities
    - GTMSessionFetcher
    - Kingfisher
    - nanopb
    - PromisesObjC

SPEC CHECKSUMS:
  Firebase: e1e089d9aac215a52442583f818ab61de3c4581b
  FirebaseAuth: 0a1df88dc32569db509e6269c3e4bf2a168e8ae8
  FirebaseCore: 0a43b7f1c5b36f3358cd703011ca4c7e0df55870
  FirebaseCoreDiagnostics: ee1184d51da3293335b83355aad20f537acc24cf
  FirebaseInstallations: 6e4e77396559bc2ae0504823837ed737b1c7e47f
  FirebaseInstanceID: cf243611700eddc916b093353adbd4da822cfa63
  FirebaseMessaging: 4b9b2850fcfcaac2820097ee3703ba6cfff3df84
  GoogleDataTransport: 1024b1a4dfbd7a0e92cb20d7e0a6f1fb66b449a4
  GoogleUtilities: 31c5b01f978a70c6cff2afc6272b3f1921614b43
  GTMSessionFetcher: b3503b20a988c4e20cc189aa798fd18220133f52
  Kingfisher: a3c03d702433fa6cfedabb2bddbe076fb8f2e902
  nanopb: 59221d7f958fb711001e6a449489542d92ae113e
  PromisesObjC: 3113f7f76903778cf4a0586bd1ab89329a0b7b97

PODFILE CHECKSUM: 9b00a699ee8f6ae63a9bd957d33b8ec4fb8720e7

COCOAPODS: 1.9.3
